
Microsoft Visual Studio Solution File, Format Version 12.00
# Visual Studio Version 17
VisualStudioVersion = 17.14.36623.8
MinimumVisualStudioVersion = 10.0.40219.1
Project("{FAE04EC0-301F-11D3-BF4B-00C04F79EFBC}") = "Cube.Psa.Minimal.VirtualPrinter", "VirtualPrinter\Cube.Psa.Minimal.VirtualPrinter.csproj", "{6D0FAB96-D8D3-7731-6EC4-FE7821D47623}"
EndProject
Project("{FAE04EC0-301F-11D3-BF4B-00C04F79EFBC}") = "Cube.Psa.Minimal.Main", "Main\Cube.Psa.Minimal.Main.csproj", "{EE4EA2B2-CF4D-4801-A5BF-3CE5EFB3CFD1}"
EndProject
Project("{C7167F0D-BC9F-4E6E-AFE1-012C56B48DB5}") = "Cube.Psa.Minimal.Packaging", "Packaging\Cube.Psa.Minimal.Packaging.wapproj", "{78DC3EAA-5C90-4E4B-9898-BD84BAF7CA93}"
EndProject
Global
	GlobalSection(SolutionConfigurationPlatforms) = preSolution
		Debug|Any CPU = Debug|Any CPU
		Debug|x64 = Debug|x64
		Debug|x86 = Debug|x86
		Release|Any CPU = Release|Any CPU
		Release|x64 = Release|x64
		Release|x86 = Release|x86
	EndGlobalSection
	GlobalSection(ProjectConfigurationPlatforms) = postSolution
		{6D0FAB96-D8D3-7731-6EC4-FE7821D47623}.Debug|Any CPU.ActiveCfg = Debug|Any CPU
		{6D0FAB96-D8D3-7731-6EC4-FE7821D47623}.Debug|Any CPU.Build.0 = Debug|Any CPU
		{6D0FAB96-D8D3-7731-6EC4-FE7821D47623}.Debug|x64.ActiveCfg = Debug|x64
		{6D0FAB96-D8D3-7731-6EC4-FE7821D47623}.Debug|x64.Build.0 = Debug|x64
		{6D0FAB96-D8D3-7731-6EC4-FE7821D47623}.Debug|x86.ActiveCfg = Debug|x86
		{6D0FAB96-D8D3-7731-6EC4-FE7821D47623}.Debug|x86.Build.0 = Debug|x86
		{6D0FAB96-D8D3-7731-6EC4-FE7821D47623}.Release|Any CPU.ActiveCfg = Release|Any CPU
		{6D0FAB96-D8D3-7731-6EC4-FE7821D47623}.Release|Any CPU.Build.0 = Release|Any CPU
		{6D0FAB96-D8D3-7731-6EC4-FE7821D47623}.Release|x64.ActiveCfg = Release|x64
		{6D0FAB96-D8D3-7731-6EC4-FE7821D47623}.Release|x64.Build.0 = Release|x64
		{6D0FAB96-D8D3-7731-6EC4-FE7821D47623}.Release|x86.ActiveCfg = Release|x86
		{6D0FAB96-D8D3-7731-6EC4-FE7821D47623}.Release|x86.Build.0 = Release|x86
		{EE4EA2B2-CF4D-4801-A5BF-3CE5EFB3CFD1}.Debug|Any CPU.ActiveCfg = Debug|Any CPU
		{EE4EA2B2-CF4D-4801-A5BF-3CE5EFB3CFD1}.Debug|Any CPU.Build.0 = Debug|Any CPU
		{EE4EA2B2-CF4D-4801-A5BF-3CE5EFB3CFD1}.Debug|x64.ActiveCfg = Debug|x64
		{EE4EA2B2-CF4D-4801-A5BF-3CE5EFB3CFD1}.Debug|x64.Build.0 = Debug|x64
		{EE4EA2B2-CF4D-4801-A5BF-3CE5EFB3CFD1}.Debug|x86.ActiveCfg = Debug|x86
		{EE4EA2B2-CF4D-4801-A5BF-3CE5EFB3CFD1}.Debug|x86.Build.0 = Debug|x86
		{EE4EA2B2-CF4D-4801-A5BF-3CE5EFB3CFD1}.Release|Any CPU.ActiveCfg = Release|Any CPU
		{EE4EA2B2-CF4D-4801-A5BF-3CE5EFB3CFD1}.Release|Any CPU.Build.0 = Release|Any CPU
		{EE4EA2B2-CF4D-4801-A5BF-3CE5EFB3CFD1}.Release|x64.ActiveCfg = Release|x64
		{EE4EA2B2-CF4D-4801-A5BF-3CE5EFB3CFD1}.Release|x64.Build.0 = Release|x64
		{EE4EA2B2-CF4D-4801-A5BF-3CE5EFB3CFD1}.Release|x86.ActiveCfg = Release|x86
		{EE4EA2B2-CF4D-4801-A5BF-3CE5EFB3CFD1}.Release|x86.Build.0 = Release|x86
		{78DC3EAA-5C90-4E4B-9898-BD84BAF7CA93}.Debug|Any CPU.ActiveCfg = Debug|Any CPU
		{78DC3EAA-5C90-4E4B-9898-BD84BAF7CA93}.Debug|Any CPU.Build.0 = Debug|Any CPU
		{78DC3EAA-5C90-4E4B-9898-BD84BAF7CA93}.Debug|Any CPU.Deploy.0 = Debug|Any CPU
		{78DC3EAA-5C90-4E4B-9898-BD84BAF7CA93}.Debug|x64.ActiveCfg = Debug|x64
		{78DC3EAA-5C90-4E4B-9898-BD84BAF7CA93}.Debug|x64.Build.0 = Debug|x64
		{78DC3EAA-5C90-4E4B-9898-BD84BAF7CA93}.Debug|x64.Deploy.0 = Debug|x64
		{78DC3EAA-5C90-4E4B-9898-BD84BAF7CA93}.Debug|x86.ActiveCfg = Debug|x86
		{78DC3EAA-5C90-4E4B-9898-BD84BAF7CA93}.Debug|x86.Build.0 = Debug|x86
		{78DC3EAA-5C90-4E4B-9898-BD84BAF7CA93}.Debug|x86.Deploy.0 = Debug|x86
		{78DC3EAA-5C90-4E4B-9898-BD84BAF7CA93}.Release|Any CPU.ActiveCfg = Release|Any CPU
		{78DC3EAA-5C90-4E4B-9898-BD84BAF7CA93}.Release|Any CPU.Build.0 = Release|Any CPU
		{78DC3EAA-5C90-4E4B-9898-BD84BAF7CA93}.Release|Any CPU.Deploy.0 = Release|Any CPU
		{78DC3EAA-5C90-4E4B-9898-BD84BAF7CA93}.Release|x64.ActiveCfg = Release|x64
		{78DC3EAA-5C90-4E4B-9898-BD84BAF7CA93}.Release|x64.Build.0 = Release|x64
		{78DC3EAA-5C90-4E4B-9898-BD84BAF7CA93}.Release|x64.Deploy.0 = Release|x64
		{78DC3EAA-5C90-4E4B-9898-BD84BAF7CA93}.Release|x86.ActiveCfg = Release|x86
		{78DC3EAA-5C90-4E4B-9898-BD84BAF7CA93}.Release|x86.Build.0 = Release|x86
		{78DC3EAA-5C90-4E4B-9898-BD84BAF7CA93}.Release|x86.Deploy.0 = Release|x86
	EndGlobalSection
	GlobalSection(SolutionProperties) = preSolution
		HideSolutionNode = FALSE
	EndGlobalSection
	GlobalSection(ExtensibilityGlobals) = postSolution
		SolutionGuid = {A3DCDABB-965F-402B-9E9D-4A854A2AE170}
	EndGlobalSection
EndGlobal
